# This file is generated by running "yarn install" inside your project.
# Manual changes might be lost - proceed with caution!

__metadata:
  version: 6

"@types/node@^18.0.1":
  version: 18.0.1
  resolution: "@types/node@npm:18.0.1"
  checksum: be14b251c54cc2b4ca78ac6eadf2fe5e831e487f2e17848f21d576295945b538271dcc674d0bba582b3f8d95b84f6826e99b6ba4710c76f165a8bdd4d4f0618e
  languageName: node
  linkType: hard
